
Microsoft Visual Studio Solution File, Format Version 12.00
# Visual Studio 2012
Project("{FAE04EC0-301F-11D3-BF4B-00C04F79EFBC}") = "Maps", "Maps\Maps.csproj", "{281A3DAF-D3F5-4976-B918-457DCDE7E822}"
EndProject
Global
	GlobalSection(SolutionConfigurationPlatforms) = preSolution
		Debug|Any CPU = Debug|Any CPU
		Release|Any CPU = Release|Any CPU
	EndGlobalSection
	GlobalSection(ProjectConfigurationPlatforms) = postSolution
		{281A3DAF-D3F5-4976-B918-457DCDE7E822}.Debug|Any CPU.ActiveCfg = Debug|Any CPU
		{281A3DAF-D3F5-4976-B918-457DCDE7E822}.Debug|Any CPU.Build.0 = Debug|Any CPU
		{281A3DAF-D3F5-4976-B918-457DCDE7E822}.Release|Any CPU.ActiveCfg = Release|Any CPU
		{281A3DAF-D3F5-4976-B918-457DCDE7E822}.Release|Any CPU.Build.0 = Release|Any CPU
	EndGlobalSection
EndGlobal
